
Microsoft Visual Studio Solution File, Format Version 12.00
# Visual Studio Version 16
VisualStudioVersion = 25.0.1704.4
MinimumVisualStudioVersion = 10.0.40219.1
Project("{FAE04EC0-301F-11D3-BF4B-00C04F79EFBC}") = "XOGame.Android", "XOGame\XOGame.Android\XOGame.Android.csproj", "{E95CC254-55C1-4182-B79B-FB5AF78867E1}"
EndProject
Project("{FAE04EC0-301F-11D3-BF4B-00C04F79EFBC}") = "XOGame.iOS", "XOGame\XOGame.iOS\XOGame.iOS.csproj", "{29DC9B4B-F394-4225-90BE-13EDF1C8755A}"
EndProject
Project("{FAE04EC0-301F-11D3-BF4B-00C04F79EFBC}") = "XOGame", "XOGame\XOGame\XOGame.csproj", "{9040BCF5-F5F8-4627-B4C3-F7FF4C735E01}"
EndProject
Global
	GlobalSection(SolutionConfigurationPlatforms) = preSolution
		Debug|Any CPU = Debug|Any CPU
		Release|Any CPU = Release|Any CPU
		Debug|iPhoneSimulator = Debug|iPhoneSimulator
		Release|iPhoneSimulator = Release|iPhoneSimulator
		Debug|iPhone = Debug|iPhone
		Release|iPhone = Release|iPhone
	EndGlobalSection
	GlobalSection(ProjectConfigurationPlatforms) = postSolution
		{E95CC254-55C1-4182-B79B-FB5AF78867E1}.Debug|Any CPU.ActiveCfg = Debug|Any CPU
		{E95CC254-55C1-4182-B79B-FB5AF78867E1}.Debug|Any CPU.Build.0 = Debug|Any CPU
		{E95CC254-55C1-4182-B79B-FB5AF78867E1}.Release|Any CPU.ActiveCfg = Release|Any CPU
		{E95CC254-55C1-4182-B79B-FB5AF78867E1}.Release|Any CPU.Build.0 = Release|Any CPU
		{E95CC254-55C1-4182-B79B-FB5AF78867E1}.Debug|iPhoneSimulator.ActiveCfg = Debug|Any CPU
		{E95CC254-55C1-4182-B79B-FB5AF78867E1}.Debug|iPhoneSimulator.Build.0 = Debug|Any CPU
		{E95CC254-55C1-4182-B79B-FB5AF78867E1}.Release|iPhoneSimulator.ActiveCfg = Release|Any CPU
		{E95CC254-55C1-4182-B79B-FB5AF78867E1}.Release|iPhoneSimulator.Build.0 = Release|Any CPU
		{E95CC254-55C1-4182-B79B-FB5AF78867E1}.Debug|iPhone.ActiveCfg = Debug|Any CPU
		{E95CC254-55C1-4182-B79B-FB5AF78867E1}.Debug|iPhone.Build.0 = Debug|Any CPU
		{E95CC254-55C1-4182-B79B-FB5AF78867E1}.Release|iPhone.ActiveCfg = Release|Any CPU
		{E95CC254-55C1-4182-B79B-FB5AF78867E1}.Release|iPhone.Build.0 = Release|Any CPU
		{29DC9B4B-F394-4225-90BE-13EDF1C8755A}.Debug|Any CPU.ActiveCfg = Debug|iPhoneSimulator
		{29DC9B4B-F394-4225-90BE-13EDF1C8755A}.Debug|Any CPU.Build.0 = Debug|iPhoneSimulator
		{29DC9B4B-F394-4225-90BE-13EDF1C8755A}.Release|Any CPU.ActiveCfg = Release|iPhoneSimulator
		{29DC9B4B-F394-4225-90BE-13EDF1C8755A}.Release|Any CPU.Build.0 = Release|iPhoneSimulator
		{29DC9B4B-F394-4225-90BE-13EDF1C8755A}.Debug|iPhoneSimulator.ActiveCfg = Debug|iPhoneSimulator
		{29DC9B4B-F394-4225-90BE-13EDF1C8755A}.Debug|iPhoneSimulator.Build.0 = Debug|iPhoneSimulator
		{29DC9B4B-F394-4225-90BE-13EDF1C8755A}.Release|iPhoneSimulator.ActiveCfg = Release|iPhoneSimulator
		{29DC9B4B-F394-4225-90BE-13EDF1C8755A}.Release|iPhoneSimulator.Build.0 = Release|iPhoneSimulator
		{29DC9B4B-F394-4225-90BE-13EDF1C8755A}.Debug|iPhone.ActiveCfg = Debug|iPhone
		{29DC9B4B-F394-4225-90BE-13EDF1C8755A}.Debug|iPhone.Build.0 = Debug|iPhone
		{29DC9B4B-F394-4225-90BE-13EDF1C8755A}.Release|iPhone.ActiveCfg = Release|iPhone
		{29DC9B4B-F394-4225-90BE-13EDF1C8755A}.Release|iPhone.Build.0 = Release|iPhone
		{9040BCF5-F5F8-4627-B4C3-F7FF4C735E01}.Debug|Any CPU.ActiveCfg = Debug|Any CPU
		{9040BCF5-F5F8-4627-B4C3-F7FF4C735E01}.Debug|Any CPU.Build.0 = Debug|Any CPU
		{9040BCF5-F5F8-4627-B4C3-F7FF4C735E01}.Release|Any CPU.ActiveCfg = Release|Any CPU
		{9040BCF5-F5F8-4627-B4C3-F7FF4C735E01}.Release|Any CPU.Build.0 = Release|Any CPU
		{9040BCF5-F5F8-4627-B4C3-F7FF4C735E01}.Debug|iPhoneSimulator.ActiveCfg = Debug|Any CPU
		{9040BCF5-F5F8-4627-B4C3-F7FF4C735E01}.Debug|iPhoneSimulator.Build.0 = Debug|Any CPU
		{9040BCF5-F5F8-4627-B4C3-F7FF4C735E01}.Release|iPhoneSimulator.ActiveCfg = Release|Any CPU
		{9040BCF5-F5F8-4627-B4C3-F7FF4C735E01}.Release|iPhoneSimulator.Build.0 = Release|Any CPU
		{9040BCF5-F5F8-4627-B4C3-F7FF4C735E01}.Debug|iPhone.ActiveCfg = Debug|Any CPU
		{9040BCF5-F5F8-4627-B4C3-F7FF4C735E01}.Debug|iPhone.Build.0 = Debug|Any CPU
		{9040BCF5-F5F8-4627-B4C3-F7FF4C735E01}.Release|iPhone.ActiveCfg = Release|Any CPU
		{9040BCF5-F5F8-4627-B4C3-F7FF4C735E01}.Release|iPhone.Build.0 = Release|Any CPU
	EndGlobalSection
	GlobalSection(SolutionProperties) = preSolution
		HideSolutionNode = FALSE
	EndGlobalSection
	GlobalSection(ExtensibilityGlobals) = postSolution
		SolutionGuid = {1E7A4D5A-5E82-4849-933B-AC26C7798482}
	EndGlobalSection
EndGlobal
