
Microsoft Visual Studio Solution File, Format Version 12.00
# Visual Studio Version 17
VisualStudioVersion = 17.4.33213.308
MinimumVisualStudioVersion = 10.0.40219.1
Project("{FAE04EC0-301F-11D3-BF4B-00C04F79EFBC}") = "Jokenpo.Android", "Jokenpo\Jokenpo.Android\Jokenpo.Android.csproj", "{4463EB92-8205-4C82-A6E1-69757C42A1C8}"
EndProject
Project("{FAE04EC0-301F-11D3-BF4B-00C04F79EFBC}") = "Jokenpo", "Jokenpo\Jokenpo\Jokenpo.csproj", "{6E8B26F7-6ED6-451D-B4F5-FC27852E74A5}"
EndProject
Global
	GlobalSection(SolutionConfigurationPlatforms) = preSolution
		Debug|Any CPU = Debug|Any CPU
		Release|Any CPU = Release|Any CPU
	EndGlobalSection
	GlobalSection(ProjectConfigurationPlatforms) = postSolution
		{4463EB92-8205-4C82-A6E1-69757C42A1C8}.Debug|Any CPU.ActiveCfg = Debug|Any CPU
		{4463EB92-8205-4C82-A6E1-69757C42A1C8}.Debug|Any CPU.Build.0 = Debug|Any CPU
		{4463EB92-8205-4C82-A6E1-69757C42A1C8}.Debug|Any CPU.Deploy.0 = Debug|Any CPU
		{4463EB92-8205-4C82-A6E1-69757C42A1C8}.Release|Any CPU.ActiveCfg = Release|Any CPU
		{4463EB92-8205-4C82-A6E1-69757C42A1C8}.Release|Any CPU.Build.0 = Release|Any CPU
		{4463EB92-8205-4C82-A6E1-69757C42A1C8}.Release|Any CPU.Deploy.0 = Release|Any CPU
		{6E8B26F7-6ED6-451D-B4F5-FC27852E74A5}.Debug|Any CPU.ActiveCfg = Debug|Any CPU
		{6E8B26F7-6ED6-451D-B4F5-FC27852E74A5}.Debug|Any CPU.Build.0 = Debug|Any CPU
		{6E8B26F7-6ED6-451D-B4F5-FC27852E74A5}.Release|Any CPU.ActiveCfg = Release|Any CPU
		{6E8B26F7-6ED6-451D-B4F5-FC27852E74A5}.Release|Any CPU.Build.0 = Release|Any CPU
	EndGlobalSection
	GlobalSection(SolutionProperties) = preSolution
		HideSolutionNode = FALSE
	EndGlobalSection
	GlobalSection(ExtensibilityGlobals) = postSolution
		SolutionGuid = {9573983C-D831-4DC9-A274-BED57DDB4ECA}
	EndGlobalSection
EndGlobal
